
Microsoft Visual Studio Solution File, Format Version 12.00
# Visual Studio Version 16
VisualStudioVersion = 16.0.32413.511
MinimumVisualStudioVersion = 10.0.40219.1
Project("{8BC9CEB8-8B4A-11D0-8D11-00A0C91BC942}") = "3DGameProgrammingProject3", "3DGameProgrammingProject3\3DGameProgrammingProject3.vcxproj", "{D86712EE-0D9D-4FF9-8319-24CC8D68A0A0}"
EndProject
Global
	GlobalSection(SolutionConfigurationPlatforms) = preSolution
		Debug|x64 = Debug|x64
		Debug|x86 = Debug|x86
		Release|x64 = Release|x64
		Release|x86 = Release|x86
	EndGlobalSection
	GlobalSection(ProjectConfigurationPlatforms) = postSolution
		{D86712EE-0D9D-4FF9-8319-24CC8D68A0A0}.Debug|x64.ActiveCfg = Debug|x64
		{D86712EE-0D9D-4FF9-8319-24CC8D68A0A0}.Debug|x64.Build.0 = Debug|x64
		{D86712EE-0D9D-4FF9-8319-24CC8D68A0A0}.Debug|x86.ActiveCfg = Debug|Win32
		{D86712EE-0D9D-4FF9-8319-24CC8D68A0A0}.Debug|x86.Build.0 = Debug|Win32
		{D86712EE-0D9D-4FF9-8319-24CC8D68A0A0}.Release|x64.ActiveCfg = Release|x64
		{D86712EE-0D9D-4FF9-8319-24CC8D68A0A0}.Release|x64.Build.0 = Release|x64
		{D86712EE-0D9D-4FF9-8319-24CC8D68A0A0}.Release|x86.ActiveCfg = Release|Win32
		{D86712EE-0D9D-4FF9-8319-24CC8D68A0A0}.Release|x86.Build.0 = Release|Win32
	EndGlobalSection
	GlobalSection(SolutionProperties) = preSolution
		HideSolutionNode = FALSE
	EndGlobalSection
	GlobalSection(ExtensibilityGlobals) = postSolution
		SolutionGuid = {C59AF954-5663-47F2-A035-95804F6B0CA6}
	EndGlobalSection
EndGlobal
