
Microsoft Visual Studio Solution File, Format Version 12.00
# Visual Studio Version 16
VisualStudioVersion = 16.0.31515.178
MinimumVisualStudioVersion = 10.0.40219.1
Project("{8BC9CEB8-8B4A-11D0-8D11-00A0C91BC942}") = "LabProject00", "LabProject00\LabProject00.vcxproj", "{B876E5D2-6835-486E-8B8F-46E6F591A462}"
EndProject
Project("{8BC9CEB8-8B4A-11D0-8D11-00A0C91BC942}") = "LabProject01", "LabProject01\LabProject01.vcxproj", "{5F8C1BE2-B5F6-41C2-B822-CE52AA77CFAA}"
EndProject
Project("{8BC9CEB8-8B4A-11D0-8D11-00A0C91BC942}") = "LabProject02", "LabProject02\LabProject02.vcxproj", "{5308A05D-F313-4325-955B-8369A60EF9E8}"
EndProject
Project("{8BC9CEB8-8B4A-11D0-8D11-00A0C91BC942}") = "LabProject03", "LabProject03\LabProject03.vcxproj", "{64EAB393-24B6-46D2-BD1C-0741C0CC88FE}"
EndProject
Project("{8BC9CEB8-8B4A-11D0-8D11-00A0C91BC942}") = "LabProject04", "LabProject04\LabProject04.vcxproj", "{078C7622-EF3C-457E-B81A-6591AE689E10}"
EndProject
Project("{8BC9CEB8-8B4A-11D0-8D11-00A0C91BC942}") = "LabProject05", "LabProject05\LabProject05.vcxproj", "{98CDDF96-D6E3-4888-BD37-75D9FD02FC0B}"
EndProject
Project("{8BC9CEB8-8B4A-11D0-8D11-00A0C91BC942}") = "LabProject05-01", "LabProject05-01\LabProject05-01.vcxproj", "{B142468F-92C6-4CC4-A66F-8F1503CE53D3}"
EndProject
Project("{8BC9CEB8-8B4A-11D0-8D11-00A0C91BC942}") = "LabProject06", "LabProject06\LabProject06.vcxproj", "{96B7DDB4-7208-4FF6-88F4-38C4918C5C68}"
EndProject
Project("{8BC9CEB8-8B4A-11D0-8D11-00A0C91BC942}") = "LabProject07", "LabProject07\LabProject07.vcxproj", "{31327AC7-B16F-4178-85B1-9ADC0D0E147D}"
EndProject
Project("{8BC9CEB8-8B4A-11D0-8D11-00A0C91BC942}") = "LabProject08", "LabProject08\LabProject08.vcxproj", "{6F84E207-A192-4348-8EAA-27D4051798E0}"
EndProject
Project("{8BC9CEB8-8B4A-11D0-8D11-00A0C91BC942}") = "LabProject09", "LabProject09\LabProject09.vcxproj", "{942BCD26-95D1-4AE4-BD92-DFD80CA75E01}"
EndProject
Project("{8BC9CEB8-8B4A-11D0-8D11-00A0C91BC942}") = "LabProject10", "LabProject10\LabProject10.vcxproj", "{C563B637-E542-4EDF-A21A-5F2F343CC426}"
EndProject
Project("{8BC9CEB8-8B4A-11D0-8D11-00A0C91BC942}") = "LabProject11", "LabProject11\LabProject11.vcxproj", "{0A2389E3-0E4C-40A7-9BD5-FB086B303815}"
EndProject
Project("{8BC9CEB8-8B4A-11D0-8D11-00A0C91BC942}") = "LabProject12", "LabProject12\LabProject12.vcxproj", "{7B6B8276-867B-492C-9CEA-20C14F06A2EA}"
EndProject
Project("{8BC9CEB8-8B4A-11D0-8D11-00A0C91BC942}") = "LabProject13", "LabProject13\LabProject13.vcxproj", "{9972D75C-00C2-47BE-85E2-A2693689A442}"
EndProject
Project("{8BC9CEB8-8B4A-11D0-8D11-00A0C91BC942}") = "LabProject14", "LabProject14\LabProject14.vcxproj", "{02C58B45-8245-4326-836F-C52F258067C9}"
EndProject
Project("{8BC9CEB8-8B4A-11D0-8D11-00A0C91BC942}") = "LabProject15", "LabProject15\LabProject15.vcxproj", "{75150B94-199E-4FAD-A001-8C0D34A9DA75}"
EndProject
Global
	GlobalSection(SolutionConfigurationPlatforms) = preSolution
		Debug|x64 = Debug|x64
		Debug|x86 = Debug|x86
		Release|x64 = Release|x64
		Release|x86 = Release|x86
	EndGlobalSection
	GlobalSection(ProjectConfigurationPlatforms) = postSolution
		{B876E5D2-6835-486E-8B8F-46E6F591A462}.Debug|x64.ActiveCfg = Debug|x64
		{B876E5D2-6835-486E-8B8F-46E6F591A462}.Debug|x64.Build.0 = Debug|x64
		{B876E5D2-6835-486E-8B8F-46E6F591A462}.Debug|x86.ActiveCfg = Debug|Win32
		{B876E5D2-6835-486E-8B8F-46E6F591A462}.Debug|x86.Build.0 = Debug|Win32
		{B876E5D2-6835-486E-8B8F-46E6F591A462}.Release|x64.ActiveCfg = Release|x64
		{B876E5D2-6835-486E-8B8F-46E6F591A462}.Release|x64.Build.0 = Release|x64
		{B876E5D2-6835-486E-8B8F-46E6F591A462}.Release|x86.ActiveCfg = Release|Win32
		{B876E5D2-6835-486E-8B8F-46E6F591A462}.Release|x86.Build.0 = Release|Win32
		{5F8C1BE2-B5F6-41C2-B822-CE52AA77CFAA}.Debug|x64.ActiveCfg = Debug|x64
		{5F8C1BE2-B5F6-41C2-B822-CE52AA77CFAA}.Debug|x64.Build.0 = Debug|x64
		{5F8C1BE2-B5F6-41C2-B822-CE52AA77CFAA}.Debug|x86.ActiveCfg = Debug|Win32
		{5F8C1BE2-B5F6-41C2-B822-CE52AA77CFAA}.Debug|x86.Build.0 = Debug|Win32
		{5F8C1BE2-B5F6-41C2-B822-CE52AA77CFAA}.Release|x64.ActiveCfg = Release|x64
		{5F8C1BE2-B5F6-41C2-B822-CE52AA77CFAA}.Release|x64.Build.0 = Release|x64
		{5F8C1BE2-B5F6-41C2-B822-CE52AA77CFAA}.Release|x86.ActiveCfg = Release|Win32
		{5F8C1BE2-B5F6-41C2-B822-CE52AA77CFAA}.Release|x86.Build.0 = Release|Win32
		{5308A05D-F313-4325-955B-8369A60EF9E8}.Debug|x64.ActiveCfg = Debug|x64
		{5308A05D-F313-4325-955B-8369A60EF9E8}.Debug|x64.Build.0 = Debug|x64
		{5308A05D-F313-4325-955B-8369A60EF9E8}.Debug|x86.ActiveCfg = Debug|Win32
		{5308A05D-F313-4325-955B-8369A60EF9E8}.Debug|x86.Build.0 = Debug|Win32
		{5308A05D-F313-4325-955B-8369A60EF9E8}.Release|x64.ActiveCfg = Release|x64
		{5308A05D-F313-4325-955B-8369A60EF9E8}.Release|x64.Build.0 = Release|x64
		{5308A05D-F313-4325-955B-8369A60EF9E8}.Release|x86.ActiveCfg = Release|Win32
		{5308A05D-F313-4325-955B-8369A60EF9E8}.Release|x86.Build.0 = Release|Win32
		{64EAB393-24B6-46D2-BD1C-0741C0CC88FE}.Debug|x64.ActiveCfg = Debug|x64
		{64EAB393-24B6-46D2-BD1C-0741C0CC88FE}.Debug|x64.Build.0 = Debug|x64
		{64EAB393-24B6-46D2-BD1C-0741C0CC88FE}.Debug|x86.ActiveCfg = Debug|Win32
		{64EAB393-24B6-46D2-BD1C-0741C0CC88FE}.Debug|x86.Build.0 = Debug|Win32
		{64EAB393-24B6-46D2-BD1C-0741C0CC88FE}.Release|x64.ActiveCfg = Release|x64
		{64EAB393-24B6-46D2-BD1C-0741C0CC88FE}.Release|x64.Build.0 = Release|x64
		{64EAB393-24B6-46D2-BD1C-0741C0CC88FE}.Release|x86.ActiveCfg = Release|Win32
		{64EAB393-24B6-46D2-BD1C-0741C0CC88FE}.Release|x86.Build.0 = Release|Win32
		{078C7622-EF3C-457E-B81A-6591AE689E10}.Debug|x64.ActiveCfg = Debug|x64
		{078C7622-EF3C-457E-B81A-6591AE689E10}.Debug|x64.Build.0 = Debug|x64
		{078C7622-EF3C-457E-B81A-6591AE689E10}.Debug|x86.ActiveCfg = Debug|Win32
		{078C7622-EF3C-457E-B81A-6591AE689E10}.Debug|x86.Build.0 = Debug|Win32
		{078C7622-EF3C-457E-B81A-6591AE689E10}.Release|x64.ActiveCfg = Release|x64
		{078C7622-EF3C-457E-B81A-6591AE689E10}.Release|x64.Build.0 = Release|x64
		{078C7622-EF3C-457E-B81A-6591AE689E10}.Release|x86.ActiveCfg = Release|Win32
		{078C7622-EF3C-457E-B81A-6591AE689E10}.Release|x86.Build.0 = Release|Win32
		{98CDDF96-D6E3-4888-BD37-75D9FD02FC0B}.Debug|x64.ActiveCfg = Debug|x64
		{98CDDF96-D6E3-4888-BD37-75D9FD02FC0B}.Debug|x64.Build.0 = Debug|x64
		{98CDDF96-D6E3-4888-BD37-75D9FD02FC0B}.Debug|x86.ActiveCfg = Debug|Win32
		{98CDDF96-D6E3-4888-BD37-75D9FD02FC0B}.Debug|x86.Build.0 = Debug|Win32
		{98CDDF96-D6E3-4888-BD37-75D9FD02FC0B}.Release|x64.ActiveCfg = Release|x64
		{98CDDF96-D6E3-4888-BD37-75D9FD02FC0B}.Release|x64.Build.0 = Release|x64
		{98CDDF96-D6E3-4888-BD37-75D9FD02FC0B}.Release|x86.ActiveCfg = Release|Win32
		{98CDDF96-D6E3-4888-BD37-75D9FD02FC0B}.Release|x86.Build.0 = Release|Win32
		{B142468F-92C6-4CC4-A66F-8F1503CE53D3}.Debug|x64.ActiveCfg = Debug|x64
		{B142468F-92C6-4CC4-A66F-8F1503CE53D3}.Debug|x64.Build.0 = Debug|x64
		{B142468F-92C6-4CC4-A66F-8F1503CE53D3}.Debug|x86.ActiveCfg = Debug|Win32
		{B142468F-92C6-4CC4-A66F-8F1503CE53D3}.Debug|x86.Build.0 = Debug|Win32
		{B142468F-92C6-4CC4-A66F-8F1503CE53D3}.Release|x64.ActiveCfg = Release|x64
		{B142468F-92C6-4CC4-A66F-8F1503CE53D3}.Release|x64.Build.0 = Release|x64
		{B142468F-92C6-4CC4-A66F-8F1503CE53D3}.Release|x86.ActiveCfg = Release|Win32
		{B142468F-92C6-4CC4-A66F-8F1503CE53D3}.Release|x86.Build.0 = Release|Win32
		{96B7DDB4-7208-4FF6-88F4-38C4918C5C68}.Debug|x64.ActiveCfg = Debug|x64
		{96B7DDB4-7208-4FF6-88F4-38C4918C5C68}.Debug|x64.Build.0 = Debug|x64
		{96B7DDB4-7208-4FF6-88F4-38C4918C5C68}.Debug|x86.ActiveCfg = Debug|Win32
		{96B7DDB4-7208-4FF6-88F4-38C4918C5C68}.Debug|x86.Build.0 = Debug|Win32
		{96B7DDB4-7208-4FF6-88F4-38C4918C5C68}.Release|x64.ActiveCfg = Release|x64
		{96B7DDB4-7208-4FF6-88F4-38C4918C5C68}.Release|x64.Build.0 = Release|x64
		{96B7DDB4-7208-4FF6-88F4-38C4918C5C68}.Release|x86.ActiveCfg = Release|Win32
		{96B7DDB4-7208-4FF6-88F4-38C4918C5C68}.Release|x86.Build.0 = Release|Win32
		{31327AC7-B16F-4178-85B1-9ADC0D0E147D}.Debug|x64.ActiveCfg = Debug|x64
		{31327AC7-B16F-4178-85B1-9ADC0D0E147D}.Debug|x64.Build.0 = Debug|x64
		{31327AC7-B16F-4178-85B1-9ADC0D0E147D}.Debug|x86.ActiveCfg = Debug|Win32
		{31327AC7-B16F-4178-85B1-9ADC0D0E147D}.Debug|x86.Build.0 = Debug|Win32
		{31327AC7-B16F-4178-85B1-9ADC0D0E147D}.Release|x64.ActiveCfg = Release|x64
		{31327AC7-B16F-4178-85B1-9ADC0D0E147D}.Release|x64.Build.0 = Release|x64
		{31327AC7-B16F-4178-85B1-9ADC0D0E147D}.Release|x86.ActiveCfg = Release|Win32
		{31327AC7-B16F-4178-85B1-9ADC0D0E147D}.Release|x86.Build.0 = Release|Win32
		{6F84E207-A192-4348-8EAA-27D4051798E0}.Debug|x64.ActiveCfg = Debug|x64
		{6F84E207-A192-4348-8EAA-27D4051798E0}.Debug|x64.Build.0 = Debug|x64
		{6F84E207-A192-4348-8EAA-27D4051798E0}.Debug|x86.ActiveCfg = Debug|Win32
		{6F84E207-A192-4348-8EAA-27D4051798E0}.Debug|x86.Build.0 = Debug|Win32
		{6F84E207-A192-4348-8EAA-27D4051798E0}.Release|x64.ActiveCfg = Release|x64
		{6F84E207-A192-4348-8EAA-27D4051798E0}.Release|x64.Build.0 = Release|x64
		{6F84E207-A192-4348-8EAA-27D4051798E0}.Release|x86.ActiveCfg = Release|Win32
		{6F84E207-A192-4348-8EAA-27D4051798E0}.Release|x86.Build.0 = Release|Win32
		{942BCD26-95D1-4AE4-BD92-DFD80CA75E01}.Debug|x64.ActiveCfg = Debug|x64
		{942BCD26-95D1-4AE4-BD92-DFD80CA75E01}.Debug|x64.Build.0 = Debug|x64
		{942BCD26-95D1-4AE4-BD92-DFD80CA75E01}.Debug|x86.ActiveCfg = Debug|Win32
		{942BCD26-95D1-4AE4-BD92-DFD80CA75E01}.Debug|x86.Build.0 = Debug|Win32
		{942BCD26-95D1-4AE4-BD92-DFD80CA75E01}.Release|x64.ActiveCfg = Release|x64
		{942BCD26-95D1-4AE4-BD92-DFD80CA75E01}.Release|x64.Build.0 = Release|x64
		{942BCD26-95D1-4AE4-BD92-DFD80CA75E01}.Release|x86.ActiveCfg = Release|Win32
		{942BCD26-95D1-4AE4-BD92-DFD80CA75E01}.Release|x86.Build.0 = Release|Win32
		{C563B637-E542-4EDF-A21A-5F2F343CC426}.Debug|x64.ActiveCfg = Debug|x64
		{C563B637-E542-4EDF-A21A-5F2F343CC426}.Debug|x64.Build.0 = Debug|x64
		{C563B637-E542-4EDF-A21A-5F2F343CC426}.Debug|x86.ActiveCfg = Debug|Win32
		{C563B637-E542-4EDF-A21A-5F2F343CC426}.Debug|x86.Build.0 = Debug|Win32
		{C563B637-E542-4EDF-A21A-5F2F343CC426}.Release|x64.ActiveCfg = Release|x64
		{C563B637-E542-4EDF-A21A-5F2F343CC426}.Release|x64.Build.0 = Release|x64
		{C563B637-E542-4EDF-A21A-5F2F343CC426}.Release|x86.ActiveCfg = Release|Win32
		{C563B637-E542-4EDF-A21A-5F2F343CC426}.Release|x86.Build.0 = Release|Win32
		{0A2389E3-0E4C-40A7-9BD5-FB086B303815}.Debug|x64.ActiveCfg = Debug|x64
		{0A2389E3-0E4C-40A7-9BD5-FB086B303815}.Debug|x64.Build.0 = Debug|x64
		{0A2389E3-0E4C-40A7-9BD5-FB086B303815}.Debug|x86.ActiveCfg = Debug|Win32
		{0A2389E3-0E4C-40A7-9BD5-FB086B303815}.Debug|x86.Build.0 = Debug|Win32
		{0A2389E3-0E4C-40A7-9BD5-FB086B303815}.Release|x64.ActiveCfg = Release|x64
		{0A2389E3-0E4C-40A7-9BD5-FB086B303815}.Release|x64.Build.0 = Release|x64
		{0A2389E3-0E4C-40A7-9BD5-FB086B303815}.Release|x86.ActiveCfg = Release|Win32
		{0A2389E3-0E4C-40A7-9BD5-FB086B303815}.Release|x86.Build.0 = Release|Win32
		{7B6B8276-867B-492C-9CEA-20C14F06A2EA}.Debug|x64.ActiveCfg = Debug|x64
		{7B6B8276-867B-492C-9CEA-20C14F06A2EA}.Debug|x64.Build.0 = Debug|x64
		{7B6B8276-867B-492C-9CEA-20C14F06A2EA}.Debug|x86.ActiveCfg = Debug|Win32
		{7B6B8276-867B-492C-9CEA-20C14F06A2EA}.Debug|x86.Build.0 = Debug|Win32
		{7B6B8276-867B-492C-9CEA-20C14F06A2EA}.Release|x64.ActiveCfg = Release|x64
		{7B6B8276-867B-492C-9CEA-20C14F06A2EA}.Release|x64.Build.0 = Release|x64
		{7B6B8276-867B-492C-9CEA-20C14F06A2EA}.Release|x86.ActiveCfg = Release|Win32
		{7B6B8276-867B-492C-9CEA-20C14F06A2EA}.Release|x86.Build.0 = Release|Win32
		{9972D75C-00C2-47BE-85E2-A2693689A442}.Debug|x64.ActiveCfg = Debug|x64
		{9972D75C-00C2-47BE-85E2-A2693689A442}.Debug|x64.Build.0 = Debug|x64
		{9972D75C-00C2-47BE-85E2-A2693689A442}.Debug|x86.ActiveCfg = Debug|Win32
		{9972D75C-00C2-47BE-85E2-A2693689A442}.Debug|x86.Build.0 = Debug|Win32
		{9972D75C-00C2-47BE-85E2-A2693689A442}.Release|x64.ActiveCfg = Release|x64
		{9972D75C-00C2-47BE-85E2-A2693689A442}.Release|x64.Build.0 = Release|x64
		{9972D75C-00C2-47BE-85E2-A2693689A442}.Release|x86.ActiveCfg = Release|Win32
		{9972D75C-00C2-47BE-85E2-A2693689A442}.Release|x86.Build.0 = Release|Win32
		{02C58B45-8245-4326-836F-C52F258067C9}.Debug|x64.ActiveCfg = Debug|x64
		{02C58B45-8245-4326-836F-C52F258067C9}.Debug|x64.Build.0 = Debug|x64
		{02C58B45-8245-4326-836F-C52F258067C9}.Debug|x86.ActiveCfg = Debug|Win32
		{02C58B45-8245-4326-836F-C52F258067C9}.Debug|x86.Build.0 = Debug|Win32
		{02C58B45-8245-4326-836F-C52F258067C9}.Release|x64.ActiveCfg = Release|x64
		{02C58B45-8245-4326-836F-C52F258067C9}.Release|x64.Build.0 = Release|x64
		{02C58B45-8245-4326-836F-C52F258067C9}.Release|x86.ActiveCfg = Release|Win32
		{02C58B45-8245-4326-836F-C52F258067C9}.Release|x86.Build.0 = Release|Win32
		{75150B94-199E-4FAD-A001-8C0D34A9DA75}.Debug|x64.ActiveCfg = Debug|x64
		{75150B94-199E-4FAD-A001-8C0D34A9DA75}.Debug|x64.Build.0 = Debug|x64
		{75150B94-199E-4FAD-A001-8C0D34A9DA75}.Debug|x86.ActiveCfg = Debug|Win32
		{75150B94-199E-4FAD-A001-8C0D34A9DA75}.Debug|x86.Build.0 = Debug|Win32
		{75150B94-199E-4FAD-A001-8C0D34A9DA75}.Release|x64.ActiveCfg = Release|x64
		{75150B94-199E-4FAD-A001-8C0D34A9DA75}.Release|x64.Build.0 = Release|x64
		{75150B94-199E-4FAD-A001-8C0D34A9DA75}.Release|x86.ActiveCfg = Release|Win32
		{75150B94-199E-4FAD-A001-8C0D34A9DA75}.Release|x86.Build.0 = Release|Win32
	EndGlobalSection
	GlobalSection(SolutionProperties) = preSolution
		HideSolutionNode = FALSE
	EndGlobalSection
	GlobalSection(ExtensibilityGlobals) = postSolution
		SolutionGuid = {07ABD2CC-CF59-4DFA-AD66-BC3857BE5499}
	EndGlobalSection
EndGlobal
