
Microsoft Visual Studio Solution File, Format Version 12.00
# Visual Studio Version 16
VisualStudioVersion = 16.0.32413.511
MinimumVisualStudioVersion = 10.0.40219.1
Project("{8BC9CEB8-8B4A-11D0-8D11-00A0C91BC942}") = "LabProject07-9", "LabProject07-9\LabProject07-9.vcxproj", "{360A7F5E-89A6-44A2-B2FD-2128F23B58F6}"
EndProject
Project("{8BC9CEB8-8B4A-11D0-8D11-00A0C91BC942}") = "LabProject07-9-1", "LabProject07-9-1\LabProject07-9-1.vcxproj", "{8FB01924-16FB-4A3D-9FCB-469AF0B1ED5F}"
EndProject
Project("{8BC9CEB8-8B4A-11D0-8D11-00A0C91BC942}") = "LabProject04-6", "LabProject04-6\LabProject04-6.vcxproj", "{7E681283-32B3-4445-901C-B907E467B5D6}"
EndProject
Project("{8BC9CEB8-8B4A-11D0-8D11-00A0C91BC942}") = "LabProject07-3", "LabProject07-3\LabProject07-3.vcxproj", "{061888E4-96C9-4C13-9B7D-489A15934A84}"
EndProject
Project("{8BC9CEB8-8B4A-11D0-8D11-00A0C91BC942}") = "LabProject08", "LabProject08\LabProject08.vcxproj", "{3D1F2670-5735-4B2E-A173-8E4731D91866}"
EndProject
Project("{8BC9CEB8-8B4A-11D0-8D11-00A0C91BC942}") = "LabProject08-0(DDS Texture)", "LabProject08-0\LabProject08-0.vcxproj", "{1FD89798-74FC-4724-9BF8-777E9592C588}"
EndProject
Project("{8BC9CEB8-8B4A-11D0-8D11-00A0C91BC942}") = "LabProject08-1", "LabProject08-1\LabProject08-1.vcxproj", "{1BC89A05-356D-4632-B21E-458167042023}"
EndProject
Project("{8BC9CEB8-8B4A-11D0-8D11-00A0C91BC942}") = "LabProject08-2(Detail Texture)", "LabProject08-2\LabProject08-2.vcxproj", "{1EF7E20E-BA29-4C78-993C-D1CC25531D4F}"
EndProject
Project("{8BC9CEB8-8B4A-11D0-8D11-00A0C91BC942}") = "LabProject08-2-0(Alpha Texture)", "LabProject08-2-0\LabProject08-2-0.vcxproj", "{ED578147-B939-4BBC-A58B-7C9BBAFF7AE3}"
EndProject
Global
	GlobalSection(SolutionConfigurationPlatforms) = preSolution
		Debug|x64 = Debug|x64
		Debug|x86 = Debug|x86
		Release|x64 = Release|x64
		Release|x86 = Release|x86
	EndGlobalSection
	GlobalSection(ProjectConfigurationPlatforms) = postSolution
		{360A7F5E-89A6-44A2-B2FD-2128F23B58F6}.Debug|x64.ActiveCfg = Debug|x64
		{360A7F5E-89A6-44A2-B2FD-2128F23B58F6}.Debug|x64.Build.0 = Debug|x64
		{360A7F5E-89A6-44A2-B2FD-2128F23B58F6}.Debug|x86.ActiveCfg = Debug|Win32
		{360A7F5E-89A6-44A2-B2FD-2128F23B58F6}.Debug|x86.Build.0 = Debug|Win32
		{360A7F5E-89A6-44A2-B2FD-2128F23B58F6}.Release|x64.ActiveCfg = Release|x64
		{360A7F5E-89A6-44A2-B2FD-2128F23B58F6}.Release|x64.Build.0 = Release|x64
		{360A7F5E-89A6-44A2-B2FD-2128F23B58F6}.Release|x86.ActiveCfg = Release|Win32
		{360A7F5E-89A6-44A2-B2FD-2128F23B58F6}.Release|x86.Build.0 = Release|Win32
		{8FB01924-16FB-4A3D-9FCB-469AF0B1ED5F}.Debug|x64.ActiveCfg = Debug|x64
		{8FB01924-16FB-4A3D-9FCB-469AF0B1ED5F}.Debug|x64.Build.0 = Debug|x64
		{8FB01924-16FB-4A3D-9FCB-469AF0B1ED5F}.Debug|x86.ActiveCfg = Debug|Win32
		{8FB01924-16FB-4A3D-9FCB-469AF0B1ED5F}.Debug|x86.Build.0 = Debug|Win32
		{8FB01924-16FB-4A3D-9FCB-469AF0B1ED5F}.Release|x64.ActiveCfg = Release|x64
		{8FB01924-16FB-4A3D-9FCB-469AF0B1ED5F}.Release|x64.Build.0 = Release|x64
		{8FB01924-16FB-4A3D-9FCB-469AF0B1ED5F}.Release|x86.ActiveCfg = Release|Win32
		{8FB01924-16FB-4A3D-9FCB-469AF0B1ED5F}.Release|x86.Build.0 = Release|Win32
		{7E681283-32B3-4445-901C-B907E467B5D6}.Debug|x64.ActiveCfg = Debug|x64
		{7E681283-32B3-4445-901C-B907E467B5D6}.Debug|x64.Build.0 = Debug|x64
		{7E681283-32B3-4445-901C-B907E467B5D6}.Debug|x86.ActiveCfg = Debug|Win32
		{7E681283-32B3-4445-901C-B907E467B5D6}.Debug|x86.Build.0 = Debug|Win32
		{7E681283-32B3-4445-901C-B907E467B5D6}.Release|x64.ActiveCfg = Release|x64
		{7E681283-32B3-4445-901C-B907E467B5D6}.Release|x64.Build.0 = Release|x64
		{7E681283-32B3-4445-901C-B907E467B5D6}.Release|x86.ActiveCfg = Release|Win32
		{7E681283-32B3-4445-901C-B907E467B5D6}.Release|x86.Build.0 = Release|Win32
		{061888E4-96C9-4C13-9B7D-489A15934A84}.Debug|x64.ActiveCfg = Debug|x64
		{061888E4-96C9-4C13-9B7D-489A15934A84}.Debug|x64.Build.0 = Debug|x64
		{061888E4-96C9-4C13-9B7D-489A15934A84}.Debug|x86.ActiveCfg = Debug|Win32
		{061888E4-96C9-4C13-9B7D-489A15934A84}.Debug|x86.Build.0 = Debug|Win32
		{061888E4-96C9-4C13-9B7D-489A15934A84}.Release|x64.ActiveCfg = Release|x64
		{061888E4-96C9-4C13-9B7D-489A15934A84}.Release|x64.Build.0 = Release|x64
		{061888E4-96C9-4C13-9B7D-489A15934A84}.Release|x86.ActiveCfg = Release|Win32
		{061888E4-96C9-4C13-9B7D-489A15934A84}.Release|x86.Build.0 = Release|Win32
		{3D1F2670-5735-4B2E-A173-8E4731D91866}.Debug|x64.ActiveCfg = Debug|x64
		{3D1F2670-5735-4B2E-A173-8E4731D91866}.Debug|x64.Build.0 = Debug|x64
		{3D1F2670-5735-4B2E-A173-8E4731D91866}.Debug|x86.ActiveCfg = Debug|Win32
		{3D1F2670-5735-4B2E-A173-8E4731D91866}.Debug|x86.Build.0 = Debug|Win32
		{3D1F2670-5735-4B2E-A173-8E4731D91866}.Release|x64.ActiveCfg = Release|x64
		{3D1F2670-5735-4B2E-A173-8E4731D91866}.Release|x64.Build.0 = Release|x64
		{3D1F2670-5735-4B2E-A173-8E4731D91866}.Release|x86.ActiveCfg = Release|Win32
		{3D1F2670-5735-4B2E-A173-8E4731D91866}.Release|x86.Build.0 = Release|Win32
		{1FD89798-74FC-4724-9BF8-777E9592C588}.Debug|x64.ActiveCfg = Debug|x64
		{1FD89798-74FC-4724-9BF8-777E9592C588}.Debug|x64.Build.0 = Debug|x64
		{1FD89798-74FC-4724-9BF8-777E9592C588}.Debug|x86.ActiveCfg = Debug|Win32
		{1FD89798-74FC-4724-9BF8-777E9592C588}.Debug|x86.Build.0 = Debug|Win32
		{1FD89798-74FC-4724-9BF8-777E9592C588}.Release|x64.ActiveCfg = Release|x64
		{1FD89798-74FC-4724-9BF8-777E9592C588}.Release|x64.Build.0 = Release|x64
		{1FD89798-74FC-4724-9BF8-777E9592C588}.Release|x86.ActiveCfg = Release|Win32
		{1FD89798-74FC-4724-9BF8-777E9592C588}.Release|x86.Build.0 = Release|Win32
		{1BC89A05-356D-4632-B21E-458167042023}.Debug|x64.ActiveCfg = Debug|x64
		{1BC89A05-356D-4632-B21E-458167042023}.Debug|x64.Build.0 = Debug|x64
		{1BC89A05-356D-4632-B21E-458167042023}.Debug|x86.ActiveCfg = Debug|Win32
		{1BC89A05-356D-4632-B21E-458167042023}.Debug|x86.Build.0 = Debug|Win32
		{1BC89A05-356D-4632-B21E-458167042023}.Release|x64.ActiveCfg = Release|x64
		{1BC89A05-356D-4632-B21E-458167042023}.Release|x64.Build.0 = Release|x64
		{1BC89A05-356D-4632-B21E-458167042023}.Release|x86.ActiveCfg = Release|Win32
		{1BC89A05-356D-4632-B21E-458167042023}.Release|x86.Build.0 = Release|Win32
		{1EF7E20E-BA29-4C78-993C-D1CC25531D4F}.Debug|x64.ActiveCfg = Debug|x64
		{1EF7E20E-BA29-4C78-993C-D1CC25531D4F}.Debug|x64.Build.0 = Debug|x64
		{1EF7E20E-BA29-4C78-993C-D1CC25531D4F}.Debug|x86.ActiveCfg = Debug|Win32
		{1EF7E20E-BA29-4C78-993C-D1CC25531D4F}.Debug|x86.Build.0 = Debug|Win32
		{1EF7E20E-BA29-4C78-993C-D1CC25531D4F}.Release|x64.ActiveCfg = Release|x64
		{1EF7E20E-BA29-4C78-993C-D1CC25531D4F}.Release|x64.Build.0 = Release|x64
		{1EF7E20E-BA29-4C78-993C-D1CC25531D4F}.Release|x86.ActiveCfg = Release|Win32
		{1EF7E20E-BA29-4C78-993C-D1CC25531D4F}.Release|x86.Build.0 = Release|Win32
		{ED578147-B939-4BBC-A58B-7C9BBAFF7AE3}.Debug|x64.ActiveCfg = Debug|x64
		{ED578147-B939-4BBC-A58B-7C9BBAFF7AE3}.Debug|x64.Build.0 = Debug|x64
		{ED578147-B939-4BBC-A58B-7C9BBAFF7AE3}.Debug|x86.ActiveCfg = Debug|Win32
		{ED578147-B939-4BBC-A58B-7C9BBAFF7AE3}.Debug|x86.Build.0 = Debug|Win32
		{ED578147-B939-4BBC-A58B-7C9BBAFF7AE3}.Release|x64.ActiveCfg = Release|x64
		{ED578147-B939-4BBC-A58B-7C9BBAFF7AE3}.Release|x64.Build.0 = Release|x64
		{ED578147-B939-4BBC-A58B-7C9BBAFF7AE3}.Release|x86.ActiveCfg = Release|Win32
		{ED578147-B939-4BBC-A58B-7C9BBAFF7AE3}.Release|x86.Build.0 = Release|Win32
	EndGlobalSection
	GlobalSection(SolutionProperties) = preSolution
		HideSolutionNode = FALSE
	EndGlobalSection
	GlobalSection(ExtensibilityGlobals) = postSolution
		SolutionGuid = {C29FC294-43F7-4F99-8263-0783BBF82920}
	EndGlobalSection
EndGlobal
