
Microsoft Visual Studio Solution File, Format Version 12.00
# Visual Studio Version 16
VisualStudioVersion = 16.0.32413.511
MinimumVisualStudioVersion = 10.0.40219.1
Project("{8BC9CEB8-8B4A-11D0-8D11-00A0C91BC942}") = "LabProject07-9", "LabProject07-9\LabProject07-9.vcxproj", "{360A7F5E-89A6-44A2-B2FD-2128F23B58F6}"
EndProject
Project("{8BC9CEB8-8B4A-11D0-8D11-00A0C91BC942}") = "LabProject07-9-1", "LabProject07-9-1\LabProject07-9-1.vcxproj", "{8FB01924-16FB-4A3D-9FCB-469AF0B1ED5F}"
EndProject
Project("{8BC9CEB8-8B4A-11D0-8D11-00A0C91BC942}") = "LabProject04-6", "LabProject04-6\LabProject04-6.vcxproj", "{7E681283-32B3-4445-901C-B907E467B5D6}"
EndProject
Project("{8BC9CEB8-8B4A-11D0-8D11-00A0C91BC942}") = "LabProject07-3", "LabProject07-3\LabProject07-3.vcxproj", "{061888E4-96C9-4C13-9B7D-489A15934A84}"
EndProject
Project("{8BC9CEB8-8B4A-11D0-8D11-00A0C91BC942}") = "LabProject08", "LabProject08\LabProject08.vcxproj", "{3D1F2670-5735-4B2E-A173-8E4731D91866}"
EndProject
Project("{8BC9CEB8-8B4A-11D0-8D11-00A0C91BC942}") = "LabProject08-0(DDS Texture)", "LabProject08-0\LabProject08-0.vcxproj", "{1FD89798-74FC-4724-9BF8-777E9592C588}"
EndProject
Project("{8BC9CEB8-8B4A-11D0-8D11-00A0C91BC942}") = "LabProject08-1", "LabProject08-1\LabProject08-1.vcxproj", "{1BC89A05-356D-4632-B21E-458167042023}"
EndProject
Project("{8BC9CEB8-8B4A-11D0-8D11-00A0C91BC942}") = "LabProject08-2(Detail Texture)", "LabProject08-2\LabProject08-2.vcxproj", "{1EF7E20E-BA29-4C78-993C-D1CC25531D4F}"
EndProject
Project("{8BC9CEB8-8B4A-11D0-8D11-00A0C91BC942}") = "LabProject08-2-0(Alpha Texture)", "LabProject08-2-0\LabProject08-2-0.vcxproj", "{ED578147-B939-4BBC-A58B-7C9BBAFF7AE3}"
EndProject
Project("{8BC9CEB8-8B4A-11D0-8D11-00A0C91BC942}") = "LabProject08-0-1(Model Texturing)", "LabProject08-0-1\LabProject08-0-1\LabProject08-0-1.vcxproj", "{1A58FA83-0E02-4760-9A18-E3DF7FD3299A}"
EndProject
Project("{8BC9CEB8-8B4A-11D0-8D11-00A0C91BC942}") = "LabProject08-9-1(Multi Render Target)", "LabProject08-9-1\LabProject08-9-1\LabProject08-9-1.vcxproj", "{271F7E2D-1075-402A-86D4-68BD00EF217C}"
EndProject
Project("{8BC9CEB8-8B4A-11D0-8D11-00A0C91BC942}") = "LabProject08-7-3(Billboard, Sprite)", "LabProject08-7-3\LabProject08-7-3\LabProject08-7-3.vcxproj", "{336EF7DC-EEB0-40E0-90C4-D283B95B4460}"
EndProject
Project("{8BC9CEB8-8B4A-11D0-8D11-00A0C91BC942}") = "LabProject08-1-3", "LabProject08-1-3\LabProject08-1-3\LabProject08-1-3.vcxproj", "{B88AEEEA-5B01-4254-B13B-29294EE75F55}"
EndProject
Project("{8BC9CEB8-8B4A-11D0-8D11-00A0C91BC942}") = "LabProject08-7-6-0(StreamOutput)", "LabProject08-7-6-0(StreamOutput)\LabProject08-7-6-0(StreamOutput)\LabProject08-7-6-0(StreamOutput).vcxproj", "{5F6078A0-0397-4440-8659-BDEC9B31D178}"
EndProject
Project("{8BC9CEB8-8B4A-11D0-8D11-00A0C91BC942}") = "LabProject08-9-2(LaplacianEdge)", "LabProject08-9-2 (LaplacianEdge)\LabProject08-9-2\LabProject08-9-2.vcxproj", "{4F9D12D3-4349-4661-AED8-13A6D1EA0D44}"
EndProject
Project("{8BC9CEB8-8B4A-11D0-8D11-00A0C91BC942}") = "LabProject09-1-0(Terrain Tessellation)", "LabProject09-1-0\LabProject09-1-0\LabProject09-1-0.vcxproj", "{D6BA15DD-8EE3-4948-A25A-C5FB44C59380}"
EndProject
Project("{8BC9CEB8-8B4A-11D0-8D11-00A0C91BC942}") = "LabProject09(Compute-Shader)", "LabProject09\LabProject09\LabProject09.vcxproj", "{E7B1BC2E-4916-4643-9C0C-4EBA66FAD8F1}"
EndProject
Project("{8BC9CEB8-8B4A-11D0-8D11-00A0C91BC942}") = "LabProject09-0(Compute-Shader)", "LabProject09-0\LabProject09-0\LabProject09-0.vcxproj", "{E057F204-47C2-4152-9E71-CD68415CFAE0}"
EndProject
Project("{8BC9CEB8-8B4A-11D0-8D11-00A0C91BC942}") = "LabProject09-0-1", "LabProject09-0-1\LabProject09-0-1\LabProject09-0-1.vcxproj", "{6CAD859B-B764-42FD-BE91-2B63CF22D80E}"
EndProject
Global
	GlobalSection(SolutionConfigurationPlatforms) = preSolution
		Debug|x64 = Debug|x64
		Debug|x86 = Debug|x86
		Release|x64 = Release|x64
		Release|x86 = Release|x86
	EndGlobalSection
	GlobalSection(ProjectConfigurationPlatforms) = postSolution
		{360A7F5E-89A6-44A2-B2FD-2128F23B58F6}.Debug|x64.ActiveCfg = Debug|x64
		{360A7F5E-89A6-44A2-B2FD-2128F23B58F6}.Debug|x64.Build.0 = Debug|x64
		{360A7F5E-89A6-44A2-B2FD-2128F23B58F6}.Debug|x86.ActiveCfg = Debug|Win32
		{360A7F5E-89A6-44A2-B2FD-2128F23B58F6}.Debug|x86.Build.0 = Debug|Win32
		{360A7F5E-89A6-44A2-B2FD-2128F23B58F6}.Release|x64.ActiveCfg = Release|x64
		{360A7F5E-89A6-44A2-B2FD-2128F23B58F6}.Release|x64.Build.0 = Release|x64
		{360A7F5E-89A6-44A2-B2FD-2128F23B58F6}.Release|x86.ActiveCfg = Release|Win32
		{360A7F5E-89A6-44A2-B2FD-2128F23B58F6}.Release|x86.Build.0 = Release|Win32
		{8FB01924-16FB-4A3D-9FCB-469AF0B1ED5F}.Debug|x64.ActiveCfg = Debug|x64
		{8FB01924-16FB-4A3D-9FCB-469AF0B1ED5F}.Debug|x64.Build.0 = Debug|x64
		{8FB01924-16FB-4A3D-9FCB-469AF0B1ED5F}.Debug|x86.ActiveCfg = Debug|Win32
		{8FB01924-16FB-4A3D-9FCB-469AF0B1ED5F}.Debug|x86.Build.0 = Debug|Win32
		{8FB01924-16FB-4A3D-9FCB-469AF0B1ED5F}.Release|x64.ActiveCfg = Release|x64
		{8FB01924-16FB-4A3D-9FCB-469AF0B1ED5F}.Release|x64.Build.0 = Release|x64
		{8FB01924-16FB-4A3D-9FCB-469AF0B1ED5F}.Release|x86.ActiveCfg = Release|Win32
		{8FB01924-16FB-4A3D-9FCB-469AF0B1ED5F}.Release|x86.Build.0 = Release|Win32
		{7E681283-32B3-4445-901C-B907E467B5D6}.Debug|x64.ActiveCfg = Debug|x64
		{7E681283-32B3-4445-901C-B907E467B5D6}.Debug|x64.Build.0 = Debug|x64
		{7E681283-32B3-4445-901C-B907E467B5D6}.Debug|x86.ActiveCfg = Debug|Win32
		{7E681283-32B3-4445-901C-B907E467B5D6}.Debug|x86.Build.0 = Debug|Win32
		{7E681283-32B3-4445-901C-B907E467B5D6}.Release|x64.ActiveCfg = Release|x64
		{7E681283-32B3-4445-901C-B907E467B5D6}.Release|x64.Build.0 = Release|x64
		{7E681283-32B3-4445-901C-B907E467B5D6}.Release|x86.ActiveCfg = Release|Win32
		{7E681283-32B3-4445-901C-B907E467B5D6}.Release|x86.Build.0 = Release|Win32
		{061888E4-96C9-4C13-9B7D-489A15934A84}.Debug|x64.ActiveCfg = Debug|x64
		{061888E4-96C9-4C13-9B7D-489A15934A84}.Debug|x64.Build.0 = Debug|x64
		{061888E4-96C9-4C13-9B7D-489A15934A84}.Debug|x86.ActiveCfg = Debug|Win32
		{061888E4-96C9-4C13-9B7D-489A15934A84}.Debug|x86.Build.0 = Debug|Win32
		{061888E4-96C9-4C13-9B7D-489A15934A84}.Release|x64.ActiveCfg = Release|x64
		{061888E4-96C9-4C13-9B7D-489A15934A84}.Release|x64.Build.0 = Release|x64
		{061888E4-96C9-4C13-9B7D-489A15934A84}.Release|x86.ActiveCfg = Release|Win32
		{061888E4-96C9-4C13-9B7D-489A15934A84}.Release|x86.Build.0 = Release|Win32
		{3D1F2670-5735-4B2E-A173-8E4731D91866}.Debug|x64.ActiveCfg = Debug|x64
		{3D1F2670-5735-4B2E-A173-8E4731D91866}.Debug|x64.Build.0 = Debug|x64
		{3D1F2670-5735-4B2E-A173-8E4731D91866}.Debug|x86.ActiveCfg = Debug|Win32
		{3D1F2670-5735-4B2E-A173-8E4731D91866}.Debug|x86.Build.0 = Debug|Win32
		{3D1F2670-5735-4B2E-A173-8E4731D91866}.Release|x64.ActiveCfg = Release|x64
		{3D1F2670-5735-4B2E-A173-8E4731D91866}.Release|x64.Build.0 = Release|x64
		{3D1F2670-5735-4B2E-A173-8E4731D91866}.Release|x86.ActiveCfg = Release|Win32
		{3D1F2670-5735-4B2E-A173-8E4731D91866}.Release|x86.Build.0 = Release|Win32
		{1FD89798-74FC-4724-9BF8-777E9592C588}.Debug|x64.ActiveCfg = Debug|x64
		{1FD89798-74FC-4724-9BF8-777E9592C588}.Debug|x64.Build.0 = Debug|x64
		{1FD89798-74FC-4724-9BF8-777E9592C588}.Debug|x86.ActiveCfg = Debug|Win32
		{1FD89798-74FC-4724-9BF8-777E9592C588}.Debug|x86.Build.0 = Debug|Win32
		{1FD89798-74FC-4724-9BF8-777E9592C588}.Release|x64.ActiveCfg = Release|x64
		{1FD89798-74FC-4724-9BF8-777E9592C588}.Release|x64.Build.0 = Release|x64
		{1FD89798-74FC-4724-9BF8-777E9592C588}.Release|x86.ActiveCfg = Release|Win32
		{1FD89798-74FC-4724-9BF8-777E9592C588}.Release|x86.Build.0 = Release|Win32
		{1BC89A05-356D-4632-B21E-458167042023}.Debug|x64.ActiveCfg = Debug|x64
		{1BC89A05-356D-4632-B21E-458167042023}.Debug|x64.Build.0 = Debug|x64
		{1BC89A05-356D-4632-B21E-458167042023}.Debug|x86.ActiveCfg = Debug|Win32
		{1BC89A05-356D-4632-B21E-458167042023}.Debug|x86.Build.0 = Debug|Win32
		{1BC89A05-356D-4632-B21E-458167042023}.Release|x64.ActiveCfg = Release|x64
		{1BC89A05-356D-4632-B21E-458167042023}.Release|x64.Build.0 = Release|x64
		{1BC89A05-356D-4632-B21E-458167042023}.Release|x86.ActiveCfg = Release|Win32
		{1BC89A05-356D-4632-B21E-458167042023}.Release|x86.Build.0 = Release|Win32
		{1EF7E20E-BA29-4C78-993C-D1CC25531D4F}.Debug|x64.ActiveCfg = Debug|x64
		{1EF7E20E-BA29-4C78-993C-D1CC25531D4F}.Debug|x64.Build.0 = Debug|x64
		{1EF7E20E-BA29-4C78-993C-D1CC25531D4F}.Debug|x86.ActiveCfg = Debug|Win32
		{1EF7E20E-BA29-4C78-993C-D1CC25531D4F}.Debug|x86.Build.0 = Debug|Win32
		{1EF7E20E-BA29-4C78-993C-D1CC25531D4F}.Release|x64.ActiveCfg = Release|x64
		{1EF7E20E-BA29-4C78-993C-D1CC25531D4F}.Release|x64.Build.0 = Release|x64
		{1EF7E20E-BA29-4C78-993C-D1CC25531D4F}.Release|x86.ActiveCfg = Release|Win32
		{1EF7E20E-BA29-4C78-993C-D1CC25531D4F}.Release|x86.Build.0 = Release|Win32
		{ED578147-B939-4BBC-A58B-7C9BBAFF7AE3}.Debug|x64.ActiveCfg = Debug|x64
		{ED578147-B939-4BBC-A58B-7C9BBAFF7AE3}.Debug|x64.Build.0 = Debug|x64
		{ED578147-B939-4BBC-A58B-7C9BBAFF7AE3}.Debug|x86.ActiveCfg = Debug|Win32
		{ED578147-B939-4BBC-A58B-7C9BBAFF7AE3}.Debug|x86.Build.0 = Debug|Win32
		{ED578147-B939-4BBC-A58B-7C9BBAFF7AE3}.Release|x64.ActiveCfg = Release|x64
		{ED578147-B939-4BBC-A58B-7C9BBAFF7AE3}.Release|x64.Build.0 = Release|x64
		{ED578147-B939-4BBC-A58B-7C9BBAFF7AE3}.Release|x86.ActiveCfg = Release|Win32
		{ED578147-B939-4BBC-A58B-7C9BBAFF7AE3}.Release|x86.Build.0 = Release|Win32
		{1A58FA83-0E02-4760-9A18-E3DF7FD3299A}.Debug|x64.ActiveCfg = Debug|x64
		{1A58FA83-0E02-4760-9A18-E3DF7FD3299A}.Debug|x64.Build.0 = Debug|x64
		{1A58FA83-0E02-4760-9A18-E3DF7FD3299A}.Debug|x86.ActiveCfg = Debug|Win32
		{1A58FA83-0E02-4760-9A18-E3DF7FD3299A}.Debug|x86.Build.0 = Debug|Win32
		{1A58FA83-0E02-4760-9A18-E3DF7FD3299A}.Release|x64.ActiveCfg = Release|x64
		{1A58FA83-0E02-4760-9A18-E3DF7FD3299A}.Release|x64.Build.0 = Release|x64
		{1A58FA83-0E02-4760-9A18-E3DF7FD3299A}.Release|x86.ActiveCfg = Release|Win32
		{1A58FA83-0E02-4760-9A18-E3DF7FD3299A}.Release|x86.Build.0 = Release|Win32
		{271F7E2D-1075-402A-86D4-68BD00EF217C}.Debug|x64.ActiveCfg = Debug|x64
		{271F7E2D-1075-402A-86D4-68BD00EF217C}.Debug|x64.Build.0 = Debug|x64
		{271F7E2D-1075-402A-86D4-68BD00EF217C}.Debug|x86.ActiveCfg = Debug|Win32
		{271F7E2D-1075-402A-86D4-68BD00EF217C}.Debug|x86.Build.0 = Debug|Win32
		{271F7E2D-1075-402A-86D4-68BD00EF217C}.Release|x64.ActiveCfg = Release|x64
		{271F7E2D-1075-402A-86D4-68BD00EF217C}.Release|x64.Build.0 = Release|x64
		{271F7E2D-1075-402A-86D4-68BD00EF217C}.Release|x86.ActiveCfg = Release|Win32
		{271F7E2D-1075-402A-86D4-68BD00EF217C}.Release|x86.Build.0 = Release|Win32
		{336EF7DC-EEB0-40E0-90C4-D283B95B4460}.Debug|x64.ActiveCfg = Debug|x64
		{336EF7DC-EEB0-40E0-90C4-D283B95B4460}.Debug|x64.Build.0 = Debug|x64
		{336EF7DC-EEB0-40E0-90C4-D283B95B4460}.Debug|x86.ActiveCfg = Debug|Win32
		{336EF7DC-EEB0-40E0-90C4-D283B95B4460}.Debug|x86.Build.0 = Debug|Win32
		{336EF7DC-EEB0-40E0-90C4-D283B95B4460}.Release|x64.ActiveCfg = Release|x64
		{336EF7DC-EEB0-40E0-90C4-D283B95B4460}.Release|x64.Build.0 = Release|x64
		{336EF7DC-EEB0-40E0-90C4-D283B95B4460}.Release|x86.ActiveCfg = Release|Win32
		{336EF7DC-EEB0-40E0-90C4-D283B95B4460}.Release|x86.Build.0 = Release|Win32
		{B88AEEEA-5B01-4254-B13B-29294EE75F55}.Debug|x64.ActiveCfg = Debug|x64
		{B88AEEEA-5B01-4254-B13B-29294EE75F55}.Debug|x64.Build.0 = Debug|x64
		{B88AEEEA-5B01-4254-B13B-29294EE75F55}.Debug|x86.ActiveCfg = Debug|Win32
		{B88AEEEA-5B01-4254-B13B-29294EE75F55}.Debug|x86.Build.0 = Debug|Win32
		{B88AEEEA-5B01-4254-B13B-29294EE75F55}.Release|x64.ActiveCfg = Release|x64
		{B88AEEEA-5B01-4254-B13B-29294EE75F55}.Release|x64.Build.0 = Release|x64
		{B88AEEEA-5B01-4254-B13B-29294EE75F55}.Release|x86.ActiveCfg = Release|Win32
		{B88AEEEA-5B01-4254-B13B-29294EE75F55}.Release|x86.Build.0 = Release|Win32
		{5F6078A0-0397-4440-8659-BDEC9B31D178}.Debug|x64.ActiveCfg = Debug|x64
		{5F6078A0-0397-4440-8659-BDEC9B31D178}.Debug|x64.Build.0 = Debug|x64
		{5F6078A0-0397-4440-8659-BDEC9B31D178}.Debug|x86.ActiveCfg = Debug|Win32
		{5F6078A0-0397-4440-8659-BDEC9B31D178}.Debug|x86.Build.0 = Debug|Win32
		{5F6078A0-0397-4440-8659-BDEC9B31D178}.Release|x64.ActiveCfg = Release|x64
		{5F6078A0-0397-4440-8659-BDEC9B31D178}.Release|x64.Build.0 = Release|x64
		{5F6078A0-0397-4440-8659-BDEC9B31D178}.Release|x86.ActiveCfg = Release|Win32
		{5F6078A0-0397-4440-8659-BDEC9B31D178}.Release|x86.Build.0 = Release|Win32
		{4F9D12D3-4349-4661-AED8-13A6D1EA0D44}.Debug|x64.ActiveCfg = Debug|x64
		{4F9D12D3-4349-4661-AED8-13A6D1EA0D44}.Debug|x64.Build.0 = Debug|x64
		{4F9D12D3-4349-4661-AED8-13A6D1EA0D44}.Debug|x86.ActiveCfg = Debug|Win32
		{4F9D12D3-4349-4661-AED8-13A6D1EA0D44}.Debug|x86.Build.0 = Debug|Win32
		{4F9D12D3-4349-4661-AED8-13A6D1EA0D44}.Release|x64.ActiveCfg = Release|x64
		{4F9D12D3-4349-4661-AED8-13A6D1EA0D44}.Release|x64.Build.0 = Release|x64
		{4F9D12D3-4349-4661-AED8-13A6D1EA0D44}.Release|x86.ActiveCfg = Release|Win32
		{4F9D12D3-4349-4661-AED8-13A6D1EA0D44}.Release|x86.Build.0 = Release|Win32
		{D6BA15DD-8EE3-4948-A25A-C5FB44C59380}.Debug|x64.ActiveCfg = Debug|x64
		{D6BA15DD-8EE3-4948-A25A-C5FB44C59380}.Debug|x64.Build.0 = Debug|x64
		{D6BA15DD-8EE3-4948-A25A-C5FB44C59380}.Debug|x86.ActiveCfg = Debug|Win32
		{D6BA15DD-8EE3-4948-A25A-C5FB44C59380}.Debug|x86.Build.0 = Debug|Win32
		{D6BA15DD-8EE3-4948-A25A-C5FB44C59380}.Release|x64.ActiveCfg = Release|x64
		{D6BA15DD-8EE3-4948-A25A-C5FB44C59380}.Release|x64.Build.0 = Release|x64
		{D6BA15DD-8EE3-4948-A25A-C5FB44C59380}.Release|x86.ActiveCfg = Release|Win32
		{D6BA15DD-8EE3-4948-A25A-C5FB44C59380}.Release|x86.Build.0 = Release|Win32
		{E7B1BC2E-4916-4643-9C0C-4EBA66FAD8F1}.Debug|x64.ActiveCfg = Debug|x64
		{E7B1BC2E-4916-4643-9C0C-4EBA66FAD8F1}.Debug|x64.Build.0 = Debug|x64
		{E7B1BC2E-4916-4643-9C0C-4EBA66FAD8F1}.Debug|x86.ActiveCfg = Debug|Win32
		{E7B1BC2E-4916-4643-9C0C-4EBA66FAD8F1}.Debug|x86.Build.0 = Debug|Win32
		{E7B1BC2E-4916-4643-9C0C-4EBA66FAD8F1}.Release|x64.ActiveCfg = Release|x64
		{E7B1BC2E-4916-4643-9C0C-4EBA66FAD8F1}.Release|x64.Build.0 = Release|x64
		{E7B1BC2E-4916-4643-9C0C-4EBA66FAD8F1}.Release|x86.ActiveCfg = Release|Win32
		{E7B1BC2E-4916-4643-9C0C-4EBA66FAD8F1}.Release|x86.Build.0 = Release|Win32
		{E057F204-47C2-4152-9E71-CD68415CFAE0}.Debug|x64.ActiveCfg = Debug|x64
		{E057F204-47C2-4152-9E71-CD68415CFAE0}.Debug|x64.Build.0 = Debug|x64
		{E057F204-47C2-4152-9E71-CD68415CFAE0}.Debug|x86.ActiveCfg = Debug|Win32
		{E057F204-47C2-4152-9E71-CD68415CFAE0}.Debug|x86.Build.0 = Debug|Win32
		{E057F204-47C2-4152-9E71-CD68415CFAE0}.Release|x64.ActiveCfg = Release|x64
		{E057F204-47C2-4152-9E71-CD68415CFAE0}.Release|x64.Build.0 = Release|x64
		{E057F204-47C2-4152-9E71-CD68415CFAE0}.Release|x86.ActiveCfg = Release|Win32
		{E057F204-47C2-4152-9E71-CD68415CFAE0}.Release|x86.Build.0 = Release|Win32
		{6CAD859B-B764-42FD-BE91-2B63CF22D80E}.Debug|x64.ActiveCfg = Debug|x64
		{6CAD859B-B764-42FD-BE91-2B63CF22D80E}.Debug|x64.Build.0 = Debug|x64
		{6CAD859B-B764-42FD-BE91-2B63CF22D80E}.Debug|x86.ActiveCfg = Debug|Win32
		{6CAD859B-B764-42FD-BE91-2B63CF22D80E}.Debug|x86.Build.0 = Debug|Win32
		{6CAD859B-B764-42FD-BE91-2B63CF22D80E}.Release|x64.ActiveCfg = Release|x64
		{6CAD859B-B764-42FD-BE91-2B63CF22D80E}.Release|x64.Build.0 = Release|x64
		{6CAD859B-B764-42FD-BE91-2B63CF22D80E}.Release|x86.ActiveCfg = Release|Win32
		{6CAD859B-B764-42FD-BE91-2B63CF22D80E}.Release|x86.Build.0 = Release|Win32
	EndGlobalSection
	GlobalSection(SolutionProperties) = preSolution
		HideSolutionNode = FALSE
	EndGlobalSection
	GlobalSection(ExtensibilityGlobals) = postSolution
		SolutionGuid = {C29FC294-43F7-4F99-8263-0783BBF82920}
	EndGlobalSection
EndGlobal
