
Microsoft Visual Studio Solution File, Format Version 12.00
# Visual Studio Version 16
VisualStudioVersion = 16.0.32413.511
MinimumVisualStudioVersion = 10.0.40219.1
Project("{8BC9CEB8-8B4A-11D0-8D11-00A0C91BC942}") = "project01", "project01\project01.vcxproj", "{08C0AD02-37B4-4497-AEBF-C73C355DCD30}"
EndProject
Project("{8BC9CEB8-8B4A-11D0-8D11-00A0C91BC942}") = "project02", "project02\project02.vcxproj", "{8A6827A0-46CF-48C4-A945-4ECA1ED3235E}"
EndProject
Project("{8BC9CEB8-8B4A-11D0-8D11-00A0C91BC942}") = "project03", "project03\project03.vcxproj", "{172CC65A-F47A-47A2-9E35-523765391183}"
EndProject
Project("{8BC9CEB8-8B4A-11D0-8D11-00A0C91BC942}") = "project04", "project04\project04.vcxproj", "{65A80668-C9B9-497C-BA71-5959757D05F5}"
EndProject
Project("{8BC9CEB8-8B4A-11D0-8D11-00A0C91BC942}") = "project05", "project05\project05.vcxproj", "{901CE230-8CFB-4ECB-952B-594028B98710}"
EndProject
Project("{8BC9CEB8-8B4A-11D0-8D11-00A0C91BC942}") = "project06", "project06\project06.vcxproj", "{62F79796-D4FD-4D0B-ACD2-D13D0A37037F}"
EndProject
Project("{8BC9CEB8-8B4A-11D0-8D11-00A0C91BC942}") = "project07", "project07\project07.vcxproj", "{1124006C-675E-47EA-8280-8EF61054323A}"
EndProject
Project("{8BC9CEB8-8B4A-11D0-8D11-00A0C91BC942}") = "project08", "project08\project08.vcxproj", "{22C419ED-4612-49D6-8DFB-7AD5C4FE65E2}"
EndProject
Project("{8BC9CEB8-8B4A-11D0-8D11-00A0C91BC942}") = "project09", "project09\project09.vcxproj", "{0F734749-9B42-436E-A6F8-9502FC45C405}"
EndProject
Project("{8BC9CEB8-8B4A-11D0-8D11-00A0C91BC942}") = "project10", "project10\project10.vcxproj", "{EE9AAC9A-F504-49C1-A372-955D32091B48}"
EndProject
Project("{8BC9CEB8-8B4A-11D0-8D11-00A0C91BC942}") = "project11", "project11\project11.vcxproj", "{45E7A09C-2CCF-4C75-9536-35C72CAD6CEA}"
EndProject
Project("{8BC9CEB8-8B4A-11D0-8D11-00A0C91BC942}") = "project12", "project12\project12.vcxproj", "{4C9EC33B-6740-4163-B37E-3F7A55A23471}"
EndProject
Global
	GlobalSection(SolutionConfigurationPlatforms) = preSolution
		Debug|x64 = Debug|x64
		Debug|x86 = Debug|x86
		Release|x64 = Release|x64
		Release|x86 = Release|x86
	EndGlobalSection
	GlobalSection(ProjectConfigurationPlatforms) = postSolution
		{08C0AD02-37B4-4497-AEBF-C73C355DCD30}.Debug|x64.ActiveCfg = Debug|x64
		{08C0AD02-37B4-4497-AEBF-C73C355DCD30}.Debug|x64.Build.0 = Debug|x64
		{08C0AD02-37B4-4497-AEBF-C73C355DCD30}.Debug|x86.ActiveCfg = Debug|Win32
		{08C0AD02-37B4-4497-AEBF-C73C355DCD30}.Debug|x86.Build.0 = Debug|Win32
		{08C0AD02-37B4-4497-AEBF-C73C355DCD30}.Release|x64.ActiveCfg = Release|x64
		{08C0AD02-37B4-4497-AEBF-C73C355DCD30}.Release|x64.Build.0 = Release|x64
		{08C0AD02-37B4-4497-AEBF-C73C355DCD30}.Release|x86.ActiveCfg = Release|Win32
		{08C0AD02-37B4-4497-AEBF-C73C355DCD30}.Release|x86.Build.0 = Release|Win32
		{8A6827A0-46CF-48C4-A945-4ECA1ED3235E}.Debug|x64.ActiveCfg = Debug|x64
		{8A6827A0-46CF-48C4-A945-4ECA1ED3235E}.Debug|x64.Build.0 = Debug|x64
		{8A6827A0-46CF-48C4-A945-4ECA1ED3235E}.Debug|x86.ActiveCfg = Debug|Win32
		{8A6827A0-46CF-48C4-A945-4ECA1ED3235E}.Debug|x86.Build.0 = Debug|Win32
		{8A6827A0-46CF-48C4-A945-4ECA1ED3235E}.Release|x64.ActiveCfg = Release|x64
		{8A6827A0-46CF-48C4-A945-4ECA1ED3235E}.Release|x64.Build.0 = Release|x64
		{8A6827A0-46CF-48C4-A945-4ECA1ED3235E}.Release|x86.ActiveCfg = Release|Win32
		{8A6827A0-46CF-48C4-A945-4ECA1ED3235E}.Release|x86.Build.0 = Release|Win32
		{172CC65A-F47A-47A2-9E35-523765391183}.Debug|x64.ActiveCfg = Debug|x64
		{172CC65A-F47A-47A2-9E35-523765391183}.Debug|x64.Build.0 = Debug|x64
		{172CC65A-F47A-47A2-9E35-523765391183}.Debug|x86.ActiveCfg = Debug|Win32
		{172CC65A-F47A-47A2-9E35-523765391183}.Debug|x86.Build.0 = Debug|Win32
		{172CC65A-F47A-47A2-9E35-523765391183}.Release|x64.ActiveCfg = Release|x64
		{172CC65A-F47A-47A2-9E35-523765391183}.Release|x64.Build.0 = Release|x64
		{172CC65A-F47A-47A2-9E35-523765391183}.Release|x86.ActiveCfg = Release|Win32
		{172CC65A-F47A-47A2-9E35-523765391183}.Release|x86.Build.0 = Release|Win32
		{65A80668-C9B9-497C-BA71-5959757D05F5}.Debug|x64.ActiveCfg = Debug|x64
		{65A80668-C9B9-497C-BA71-5959757D05F5}.Debug|x64.Build.0 = Debug|x64
		{65A80668-C9B9-497C-BA71-5959757D05F5}.Debug|x86.ActiveCfg = Debug|Win32
		{65A80668-C9B9-497C-BA71-5959757D05F5}.Debug|x86.Build.0 = Debug|Win32
		{65A80668-C9B9-497C-BA71-5959757D05F5}.Release|x64.ActiveCfg = Release|x64
		{65A80668-C9B9-497C-BA71-5959757D05F5}.Release|x64.Build.0 = Release|x64
		{65A80668-C9B9-497C-BA71-5959757D05F5}.Release|x86.ActiveCfg = Release|Win32
		{65A80668-C9B9-497C-BA71-5959757D05F5}.Release|x86.Build.0 = Release|Win32
		{901CE230-8CFB-4ECB-952B-594028B98710}.Debug|x64.ActiveCfg = Debug|x64
		{901CE230-8CFB-4ECB-952B-594028B98710}.Debug|x64.Build.0 = Debug|x64
		{901CE230-8CFB-4ECB-952B-594028B98710}.Debug|x86.ActiveCfg = Debug|Win32
		{901CE230-8CFB-4ECB-952B-594028B98710}.Debug|x86.Build.0 = Debug|Win32
		{901CE230-8CFB-4ECB-952B-594028B98710}.Release|x64.ActiveCfg = Release|x64
		{901CE230-8CFB-4ECB-952B-594028B98710}.Release|x64.Build.0 = Release|x64
		{901CE230-8CFB-4ECB-952B-594028B98710}.Release|x86.ActiveCfg = Release|Win32
		{901CE230-8CFB-4ECB-952B-594028B98710}.Release|x86.Build.0 = Release|Win32
		{62F79796-D4FD-4D0B-ACD2-D13D0A37037F}.Debug|x64.ActiveCfg = Debug|x64
		{62F79796-D4FD-4D0B-ACD2-D13D0A37037F}.Debug|x64.Build.0 = Debug|x64
		{62F79796-D4FD-4D0B-ACD2-D13D0A37037F}.Debug|x86.ActiveCfg = Debug|Win32
		{62F79796-D4FD-4D0B-ACD2-D13D0A37037F}.Debug|x86.Build.0 = Debug|Win32
		{62F79796-D4FD-4D0B-ACD2-D13D0A37037F}.Release|x64.ActiveCfg = Release|x64
		{62F79796-D4FD-4D0B-ACD2-D13D0A37037F}.Release|x64.Build.0 = Release|x64
		{62F79796-D4FD-4D0B-ACD2-D13D0A37037F}.Release|x86.ActiveCfg = Release|Win32
		{62F79796-D4FD-4D0B-ACD2-D13D0A37037F}.Release|x86.Build.0 = Release|Win32
		{1124006C-675E-47EA-8280-8EF61054323A}.Debug|x64.ActiveCfg = Debug|x64
		{1124006C-675E-47EA-8280-8EF61054323A}.Debug|x64.Build.0 = Debug|x64
		{1124006C-675E-47EA-8280-8EF61054323A}.Debug|x86.ActiveCfg = Debug|Win32
		{1124006C-675E-47EA-8280-8EF61054323A}.Debug|x86.Build.0 = Debug|Win32
		{1124006C-675E-47EA-8280-8EF61054323A}.Release|x64.ActiveCfg = Release|x64
		{1124006C-675E-47EA-8280-8EF61054323A}.Release|x64.Build.0 = Release|x64
		{1124006C-675E-47EA-8280-8EF61054323A}.Release|x86.ActiveCfg = Release|Win32
		{1124006C-675E-47EA-8280-8EF61054323A}.Release|x86.Build.0 = Release|Win32
		{22C419ED-4612-49D6-8DFB-7AD5C4FE65E2}.Debug|x64.ActiveCfg = Debug|x64
		{22C419ED-4612-49D6-8DFB-7AD5C4FE65E2}.Debug|x64.Build.0 = Debug|x64
		{22C419ED-4612-49D6-8DFB-7AD5C4FE65E2}.Debug|x86.ActiveCfg = Debug|Win32
		{22C419ED-4612-49D6-8DFB-7AD5C4FE65E2}.Debug|x86.Build.0 = Debug|Win32
		{22C419ED-4612-49D6-8DFB-7AD5C4FE65E2}.Release|x64.ActiveCfg = Release|x64
		{22C419ED-4612-49D6-8DFB-7AD5C4FE65E2}.Release|x64.Build.0 = Release|x64
		{22C419ED-4612-49D6-8DFB-7AD5C4FE65E2}.Release|x86.ActiveCfg = Release|Win32
		{22C419ED-4612-49D6-8DFB-7AD5C4FE65E2}.Release|x86.Build.0 = Release|Win32
		{0F734749-9B42-436E-A6F8-9502FC45C405}.Debug|x64.ActiveCfg = Debug|x64
		{0F734749-9B42-436E-A6F8-9502FC45C405}.Debug|x64.Build.0 = Debug|x64
		{0F734749-9B42-436E-A6F8-9502FC45C405}.Debug|x86.ActiveCfg = Debug|Win32
		{0F734749-9B42-436E-A6F8-9502FC45C405}.Debug|x86.Build.0 = Debug|Win32
		{0F734749-9B42-436E-A6F8-9502FC45C405}.Release|x64.ActiveCfg = Release|x64
		{0F734749-9B42-436E-A6F8-9502FC45C405}.Release|x64.Build.0 = Release|x64
		{0F734749-9B42-436E-A6F8-9502FC45C405}.Release|x86.ActiveCfg = Release|Win32
		{0F734749-9B42-436E-A6F8-9502FC45C405}.Release|x86.Build.0 = Release|Win32
		{EE9AAC9A-F504-49C1-A372-955D32091B48}.Debug|x64.ActiveCfg = Debug|x64
		{EE9AAC9A-F504-49C1-A372-955D32091B48}.Debug|x64.Build.0 = Debug|x64
		{EE9AAC9A-F504-49C1-A372-955D32091B48}.Debug|x86.ActiveCfg = Debug|Win32
		{EE9AAC9A-F504-49C1-A372-955D32091B48}.Debug|x86.Build.0 = Debug|Win32
		{EE9AAC9A-F504-49C1-A372-955D32091B48}.Release|x64.ActiveCfg = Release|x64
		{EE9AAC9A-F504-49C1-A372-955D32091B48}.Release|x64.Build.0 = Release|x64
		{EE9AAC9A-F504-49C1-A372-955D32091B48}.Release|x86.ActiveCfg = Release|Win32
		{EE9AAC9A-F504-49C1-A372-955D32091B48}.Release|x86.Build.0 = Release|Win32
		{45E7A09C-2CCF-4C75-9536-35C72CAD6CEA}.Debug|x64.ActiveCfg = Debug|x64
		{45E7A09C-2CCF-4C75-9536-35C72CAD6CEA}.Debug|x64.Build.0 = Debug|x64
		{45E7A09C-2CCF-4C75-9536-35C72CAD6CEA}.Debug|x86.ActiveCfg = Debug|Win32
		{45E7A09C-2CCF-4C75-9536-35C72CAD6CEA}.Debug|x86.Build.0 = Debug|Win32
		{45E7A09C-2CCF-4C75-9536-35C72CAD6CEA}.Release|x64.ActiveCfg = Release|x64
		{45E7A09C-2CCF-4C75-9536-35C72CAD6CEA}.Release|x64.Build.0 = Release|x64
		{45E7A09C-2CCF-4C75-9536-35C72CAD6CEA}.Release|x86.ActiveCfg = Release|Win32
		{45E7A09C-2CCF-4C75-9536-35C72CAD6CEA}.Release|x86.Build.0 = Release|Win32
		{4C9EC33B-6740-4163-B37E-3F7A55A23471}.Debug|x64.ActiveCfg = Debug|x64
		{4C9EC33B-6740-4163-B37E-3F7A55A23471}.Debug|x64.Build.0 = Debug|x64
		{4C9EC33B-6740-4163-B37E-3F7A55A23471}.Debug|x86.ActiveCfg = Debug|Win32
		{4C9EC33B-6740-4163-B37E-3F7A55A23471}.Debug|x86.Build.0 = Debug|Win32
		{4C9EC33B-6740-4163-B37E-3F7A55A23471}.Release|x64.ActiveCfg = Release|x64
		{4C9EC33B-6740-4163-B37E-3F7A55A23471}.Release|x64.Build.0 = Release|x64
		{4C9EC33B-6740-4163-B37E-3F7A55A23471}.Release|x86.ActiveCfg = Release|Win32
		{4C9EC33B-6740-4163-B37E-3F7A55A23471}.Release|x86.Build.0 = Release|Win32
	EndGlobalSection
	GlobalSection(SolutionProperties) = preSolution
		HideSolutionNode = FALSE
	EndGlobalSection
	GlobalSection(ExtensibilityGlobals) = postSolution
		SolutionGuid = {800626CB-52FB-4AE6-9C1F-61398E714869}
	EndGlobalSection
EndGlobal
